
Microsoft Visual Studio Solution File, Format Version 12.00
# Visual Studio Version 17
VisualStudioVersion = 17.3.32901.215
MinimumVisualStudioVersion = 10.0.40219.1
Project("{FAE04EC0-301F-11D3-BF4B-00C04F79EFBC}") = "TestAppMq", "TestAppMq\TestAppMq.csproj", "{7D20C7C4-DAE3-4F8B-A334-A999A7F72CE6}"
EndProject
Project("{FAE04EC0-301F-11D3-BF4B-00C04F79EFBC}") = "TestAppDequeue", "TestAppDequeue\TestAppDequeue.csproj", "{1219CAAF-E75A-4B22-AE38-476176E91349}"
EndProject
Global
	GlobalSection(SolutionConfigurationPlatforms) = preSolution
		Debug|Any CPU = Debug|Any CPU
		Release|Any CPU = Release|Any CPU
	EndGlobalSection
	GlobalSection(ProjectConfigurationPlatforms) = postSolution
		{7D20C7C4-DAE3-4F8B-A334-A999A7F72CE6}.Debug|Any CPU.ActiveCfg = Debug|Any CPU
		{7D20C7C4-DAE3-4F8B-A334-A999A7F72CE6}.Debug|Any CPU.Build.0 = Debug|Any CPU
		{7D20C7C4-DAE3-4F8B-A334-A999A7F72CE6}.Release|Any CPU.ActiveCfg = Release|Any CPU
		{7D20C7C4-DAE3-4F8B-A334-A999A7F72CE6}.Release|Any CPU.Build.0 = Release|Any CPU
		{1219CAAF-E75A-4B22-AE38-476176E91349}.Debug|Any CPU.ActiveCfg = Debug|Any CPU
		{1219CAAF-E75A-4B22-AE38-476176E91349}.Debug|Any CPU.Build.0 = Debug|Any CPU
		{1219CAAF-E75A-4B22-AE38-476176E91349}.Release|Any CPU.ActiveCfg = Release|Any CPU
		{1219CAAF-E75A-4B22-AE38-476176E91349}.Release|Any CPU.Build.0 = Release|Any CPU
	EndGlobalSection
	GlobalSection(SolutionProperties) = preSolution
		HideSolutionNode = FALSE
	EndGlobalSection
	GlobalSection(ExtensibilityGlobals) = postSolution
		SolutionGuid = {DD2407FD-4BEE-4BFD-A7DD-139CEE64272A}
	EndGlobalSection
EndGlobal
