
Microsoft Visual Studio Solution File, Format Version 12.00
# Visual Studio Version 17
VisualStudioVersion = 17.0.31912.275
MinimumVisualStudioVersion = 10.0.40219.1
Project("{9A19103F-16F7-4668-BE54-9A1E7A4F7556}") = "SpikeRespawn.Tests", "SpikeRespawn.Tests\SpikeRespawn.Tests.csproj", "{64578573-0737-42B8-99C4-A84B8DAB664D}"
EndProject
Project("{9A19103F-16F7-4668-BE54-9A1E7A4F7556}") = "SpikeRespawn.Postgre.Tests", "SpikeRespawn.Postgre.Tests\SpikeRespawn.Postgre.Tests.csproj", "{C4BB5C4B-80BF-429E-BC50-3AE00D3C70D3}"
EndProject
Project("{FAE04EC0-301F-11D3-BF4B-00C04F79EFBC}") = "SpikeRespawn.SqlServer", "SpikeRespawn.SqlServer\SpikeRespawn.SqlServer.csproj", "{DD35639D-22F1-4805-A168-C60D39485EFA}"
EndProject
Project("{FAE04EC0-301F-11D3-BF4B-00C04F79EFBC}") = "SpikeRespawn.OtherDb", "SpikeRespawn.OtherDb\SpikeRespawn.OtherDb.csproj", "{D6B18C02-FB71-4CF4-908A-72AB256E0F56}"
EndProject
Global
	GlobalSection(SolutionConfigurationPlatforms) = preSolution
		Debug|Any CPU = Debug|Any CPU
		Release|Any CPU = Release|Any CPU
	EndGlobalSection
	GlobalSection(ProjectConfigurationPlatforms) = postSolution
		{64578573-0737-42B8-99C4-A84B8DAB664D}.Debug|Any CPU.ActiveCfg = Debug|Any CPU
		{64578573-0737-42B8-99C4-A84B8DAB664D}.Debug|Any CPU.Build.0 = Debug|Any CPU
		{64578573-0737-42B8-99C4-A84B8DAB664D}.Release|Any CPU.ActiveCfg = Release|Any CPU
		{64578573-0737-42B8-99C4-A84B8DAB664D}.Release|Any CPU.Build.0 = Release|Any CPU
		{C4BB5C4B-80BF-429E-BC50-3AE00D3C70D3}.Debug|Any CPU.ActiveCfg = Debug|Any CPU
		{C4BB5C4B-80BF-429E-BC50-3AE00D3C70D3}.Debug|Any CPU.Build.0 = Debug|Any CPU
		{C4BB5C4B-80BF-429E-BC50-3AE00D3C70D3}.Release|Any CPU.ActiveCfg = Release|Any CPU
		{C4BB5C4B-80BF-429E-BC50-3AE00D3C70D3}.Release|Any CPU.Build.0 = Release|Any CPU
		{DD35639D-22F1-4805-A168-C60D39485EFA}.Debug|Any CPU.ActiveCfg = Debug|Any CPU
		{DD35639D-22F1-4805-A168-C60D39485EFA}.Debug|Any CPU.Build.0 = Debug|Any CPU
		{DD35639D-22F1-4805-A168-C60D39485EFA}.Release|Any CPU.ActiveCfg = Release|Any CPU
		{DD35639D-22F1-4805-A168-C60D39485EFA}.Release|Any CPU.Build.0 = Release|Any CPU
		{D6B18C02-FB71-4CF4-908A-72AB256E0F56}.Debug|Any CPU.ActiveCfg = Debug|Any CPU
		{D6B18C02-FB71-4CF4-908A-72AB256E0F56}.Debug|Any CPU.Build.0 = Debug|Any CPU
		{D6B18C02-FB71-4CF4-908A-72AB256E0F56}.Release|Any CPU.ActiveCfg = Release|Any CPU
		{D6B18C02-FB71-4CF4-908A-72AB256E0F56}.Release|Any CPU.Build.0 = Release|Any CPU
	EndGlobalSection
	GlobalSection(SolutionProperties) = preSolution
		HideSolutionNode = FALSE
	EndGlobalSection
	GlobalSection(ExtensibilityGlobals) = postSolution
		SolutionGuid = {CC1E4A43-FE27-4BC2-B173-E5347C286E1A}
	EndGlobalSection
EndGlobal
